Microsoft Visual Studio Solution File, Format Version 11.00
# Visual Studio 2008

Project("{A180ECFF-46CD-0D64-3167-59816651000F}") = "Jam project", "Assembly-CSharp-firstpass-vs.csproj", "{FC8A6F13-FFFD-D707-3A15-C0BA4FCD008F}"
EndProject
Project("{A180ECFF-46CD-0D64-3167-59816651000F}") = "Jam project", "Assembly-CSharp-vs.csproj", "{546A6939-250E-E147-A3BB-D3B5E15F0954}"
EndProject
Project("{A180ECFF-46CD-0D64-3167-59816651000F}") = "Jam project", "Assembly-CSharp-Editor-vs.csproj", "{525C0A55-33BF-13B2-E8E1-F246F969BCE4}"
EndProject
Global
	GlobalSection(SolutionConfigurationPlatforms) = preSolution
		Debug|Any CPU = Debug|Any CPU
		Release|Any CPU = Release|Any CPU
	EndGlobalSection
	GlobalSection(ProjectConfigurationPlatforms) = postSolution
		{FC8A6F13-FFFD-D707-3A15-C0BA4FCD008F}.Debug|Any CPU.ActiveCfg = Debug|Any CPU
		{FC8A6F13-FFFD-D707-3A15-C0BA4FCD008F}.Debug|Any CPU.Build.0 = Debug|Any CPU
		{FC8A6F13-FFFD-D707-3A15-C0BA4FCD008F}.Release|Any CPU.ActiveCfg = Release|Any CPU
		{FC8A6F13-FFFD-D707-3A15-C0BA4FCD008F}.Release|Any CPU.Build.0 = Release|Any CPU
		{546A6939-250E-E147-A3BB-D3B5E15F0954}.Debug|Any CPU.ActiveCfg = Debug|Any CPU
		{546A6939-250E-E147-A3BB-D3B5E15F0954}.Debug|Any CPU.Build.0 = Debug|Any CPU
		{546A6939-250E-E147-A3BB-D3B5E15F0954}.Release|Any CPU.ActiveCfg = Release|Any CPU
		{546A6939-250E-E147-A3BB-D3B5E15F0954}.Release|Any CPU.Build.0 = Release|Any CPU
		{525C0A55-33BF-13B2-E8E1-F246F969BCE4}.Debug|Any CPU.ActiveCfg = Debug|Any CPU
		{525C0A55-33BF-13B2-E8E1-F246F969BCE4}.Debug|Any CPU.Build.0 = Debug|Any CPU
		{525C0A55-33BF-13B2-E8E1-F246F969BCE4}.Release|Any CPU.ActiveCfg = Release|Any CPU
		{525C0A55-33BF-13B2-E8E1-F246F969BCE4}.Release|Any CPU.Build.0 = Release|Any CPU
	EndGlobalSection
	GlobalSection(SolutionProperties) = preSolution
		HideSolutionNode = FALSE
	EndGlobalSection
				GlobalSection(MonoDevelopProperties) = preSolution
		StartupItem = Assembly-CSharp.csproj
		Policies = $0
		$0.TextStylePolicy = $1
		$1.inheritsSet = null
		$1.scope = text/x-csharp
		$0.CSharpFormattingPolicy = $2
		$2.inheritsSet = Mono
		$2.inheritsScope = text/x-csharp
		$2.scope = text/x-csharp
		$0.TextStylePolicy = $3
		$3.FileWidth = 120
		$3.TabWidth = 4
		$3.EolMarker = Unix
		$3.inheritsSet = Mono
		$3.inheritsScope = text/plain
		$3.scope = text/plain
	EndGlobalSection

EndGlobal
